// !$*UTF8*$!
{
	archiveVersion = 1;
	classes = {
	};
	objectVersion = 42;
	objects = {

/* Begin PBXBuildFile section */
		BBAB23CB13894F3D00AA2426 /* GLUT.framework in CopyFiles */ = {isa = PBXBuildFile; fileRef = BBAB23BE13894E4700AA2426 /* GLUT.framework */; };
		DD78E39A1541EBBA00E60A4A /* main.cpp in Sources */ = {isa = PBXBuildFile; fileRef = DD78E3971541EBBA00E60A4A /* main.cpp */; };
		DD78E39B1541EBBA00E60A4A /* testApp.cpp in Sources */ = {isa = PBXBuildFile; fileRef = DD78E3981541EBBA00E60A4A /* testApp.cpp */; };
		DD78E4071541EFF200E60A4A /* opencv.a in Frameworks */ = {isa = PBXBuildFile; fileRef = DD78E3F31541EFF200E60A4A /* opencv.a */; };
		DD78E4081541EFF200E60A4A /* ofxCvColorImage.cpp in Sources */ = {isa = PBXBuildFile; fileRef = DD78E3F61541EFF200E60A4A /* ofxCvColorImage.cpp */; };
		DD78E4091541EFF200E60A4A /* ofxCvContourFinder.cpp in Sources */ = {isa = PBXBuildFile; fileRef = DD78E3F91541EFF200E60A4A /* ofxCvContourFinder.cpp */; };
		DD78E40A1541EFF200E60A4A /* ofxCvFloatImage.cpp in Sources */ = {isa = PBXBuildFile; fileRef = DD78E3FB1541EFF200E60A4A /* ofxCvFloatImage.cpp */; };
		DD78E40B1541EFF200E60A4A /* ofxCvGrayscaleImage.cpp in Sources */ = {isa = PBXBuildFile; fileRef = DD78E3FD1541EFF200E60A4A /* ofxCvGrayscaleImage.cpp */; };
		DD78E40C1541EFF200E60A4A /* ofxCvHaarFinder.cpp in Sources */ = {isa = PBXBuildFile; fileRef = DD78E3FF1541EFF200E60A4A /* ofxCvHaarFinder.cpp */; };
		DD78E40D1541EFF200E60A4A /* ofxCvImage.cpp in Sources */ = {isa = PBXBuildFile; fileRef = DD78E4011541EFF200E60A4A /* ofxCvImage.cpp */; };
		DD78E40E1541EFF200E60A4A /* ofxCvShortImage.cpp in Sources */ = {isa = PBXBuildFile; fileRef = DD78E4041541EFF200E60A4A /* ofxCvShortImage.cpp */; };
		DD78E4101541F01600E60A4A /* tracker.cpp in Sources */ = {isa = PBXBuildFile; fileRef = DD78E40F1541F01600E60A4A /* tracker.cpp */; };
		DD78E4141541F1C700E60A4A /* calibrator.cpp in Sources */ = {isa = PBXBuildFile; fileRef = DD78E4121541F1C600E60A4A /* calibrator.cpp */; };
		DD78E4171541F95E00E60A4A /* GameBlock.cpp in Sources */ = {isa = PBXBuildFile; fileRef = DD78E4151541F95E00E60A4A /* GameBlock.cpp */; };
		DD78E41A1541F96500E60A4A /* gameScreen.cpp in Sources */ = {isa = PBXBuildFile; fileRef = DD78E4181541F96500E60A4A /* gameScreen.cpp */; };
		DD78E41D1541FAD900E60A4A /* coordWarp.cpp in Sources */ = {isa = PBXBuildFile; fileRef = DD78E41C1541FAD900E60A4A /* coordWarp.cpp */; };
		DD78E43615421BDE00E60A4A /* tinyxml.cpp in Sources */ = {isa = PBXBuildFile; fileRef = DD78E42F15421BDE00E60A4A /* tinyxml.cpp */; };
		DD78E43715421BDE00E60A4A /* tinyxmlerror.cpp in Sources */ = {isa = PBXBuildFile; fileRef = DD78E43115421BDE00E60A4A /* tinyxmlerror.cpp */; };
		DD78E43815421BDE00E60A4A /* tinyxmlparser.cpp in Sources */ = {isa = PBXBuildFile; fileRef = DD78E43215421BDE00E60A4A /* tinyxmlparser.cpp */; };
		DD78E43915421BDE00E60A4A /* ofxXmlSettings.cpp in Sources */ = {isa = PBXBuildFile; fileRef = DD78E43415421BDE00E60A4A /* ofxXmlSettings.cpp */; };
		DD78E43C15421C1000E60A4A /* SpriteAnimation.cpp in Sources */ = {isa = PBXBuildFile; fileRef = DD78E43A15421C0F00E60A4A /* SpriteAnimation.cpp */; };
		DD78E43F1544478D00E60A4A /* AnimationLoader.cpp in Sources */ = {isa = PBXBuildFile; fileRef = DD78E43D1544478D00E60A4A /* AnimationLoader.cpp */; };
		DD78E4421544479C00E60A4A /* GameBackground.cpp in Sources */ = {isa = PBXBuildFile; fileRef = DD78E4401544479C00E60A4A /* GameBackground.cpp */; };
		E4328149138ABC9F0047C5CB /* openFrameworksDebug.a in Frameworks */ = {isa = PBXBuildFile; fileRef = E4328148138ABC890047C5CB /* openFrameworksDebug.a */; };
		E45BE97B0E8CC7DD009D7055 /* AGL.framework in Frameworks */ = {isa = PBXBuildFile; fileRef = E45BE9710E8CC7DD009D7055 /* AGL.framework */; };
		E45BE97C0E8CC7DD009D7055 /* ApplicationServices.framework in Frameworks */ = {isa = PBXBuildFile; fileRef = E45BE9720E8CC7DD009D7055 /* ApplicationServices.framework */; };
		E45BE97D0E8CC7DD009D7055 /* AudioToolbox.framework in Frameworks */ = {isa = PBXBuildFile; fileRef = E45BE9730E8CC7DD009D7055 /* AudioToolbox.framework */; };
		E45BE97E0E8CC7DD009D7055 /* Carbon.framework in Frameworks */ = {isa = PBXBuildFile; fileRef = E45BE9740E8CC7DD009D7055 /* Carbon.framework */; };
		E45BE97F0E8CC7DD009D7055 /* CoreAudio.framework in Frameworks */ = {isa = PBXBuildFile; fileRef = E45BE9750E8CC7DD009D7055 /* CoreAudio.framework */; };
		E45BE9800E8CC7DD009D7055 /* CoreFoundation.framework in Frameworks */ = {isa = PBXBuildFile; fileRef = E45BE9760E8CC7DD009D7055 /* CoreFoundation.framework */; };
		E45BE9810E8CC7DD009D7055 /* CoreServices.framework in Frameworks */ = {isa = PBXBuildFile; fileRef = E45BE9770E8CC7DD009D7055 /* CoreServices.framework */; };
		E45BE9830E8CC7DD009D7055 /* OpenGL.framework in Frameworks */ = {isa = PBXBuildFile; fileRef = E45BE9790E8CC7DD009D7055 /* OpenGL.framework */; };
		E45BE9840E8CC7DD009D7055 /* QuickTime.framework in Frameworks */ = {isa = PBXBuildFile; fileRef = E45BE97A0E8CC7DD009D7055 /* QuickTime.framework */; };
		E4C2424710CC5A17004149E2 /* AppKit.framework in Frameworks */ = {isa = PBXBuildFile; fileRef = E4C2424410CC5A17004149E2 /* AppKit.framework */; };
		E4C2424810CC5A17004149E2 /* Cocoa.framework in Frameworks */ = {isa = PBXBuildFile; fileRef = E4C2424510CC5A17004149E2 /* Cocoa.framework */; };
		E4C2424910CC5A17004149E2 /* IOKit.framework in Frameworks */ = {isa = PBXBuildFile; fileRef = E4C2424610CC5A17004149E2 /* IOKit.framework */; };
		E4EB6799138ADC1D00A09F29 /* GLUT.framework in Frameworks */ = {isa = PBXBuildFile; fileRef = BBAB23BE13894E4700AA2426 /* GLUT.framework */; };
/* End PBXBuildFile section */

/* Begin PBXContainerItemProxy section */
		E4328147138ABC890047C5CB /* PBXContainerItemProxy */ = {
			isa = PBXContainerItemProxy;
			containerPortal = E4328143138ABC890047C5CB /* openFrameworksLib.xcodeproj */;
			proxyType = 2;
			remoteGlobalIDString = E4B27C1510CBEB8E00536013;
			remoteInfo = openFrameworks;
		};
		E4EEB9AB138B136A00A80321 /* PBXContainerItemProxy */ = {
			isa = PBXContainerItemProxy;
			containerPortal = E4328143138ABC890047C5CB /* openFrameworksLib.xcodeproj */;
			proxyType = 1;
			remoteGlobalIDString = E4B27C1410CBEB8E00536013;
			remoteInfo = openFrameworks;
		};
/* End PBXContainerItemProxy section */

/* Begin PBXCopyFilesBuildPhase section */
		E4C2427710CC5ABF004149E2 /* CopyFiles */ = {
			isa = PBXCopyFilesBuildPhase;
			buildActionMask = 2147483647;
			dstPath = "";
			dstSubfolderSpec = 10;
			files = (
				BBAB23CB13894F3D00AA2426 /* GLUT.framework in CopyFiles */,
			);
			runOnlyForDeploymentPostprocessing = 0;
		};
/* End PBXCopyFilesBuildPhase section */

/* Begin PBXFileReference section */
		BBAB23BE13894E4700AA2426 /* GLUT.framework */ = {isa = PBXFileReference; lastKnownFileType = wrapper.framework; name = GLUT.framework; path = ../../../libs/glut/lib/osx/GLUT.framework; sourceTree = "<group>"; };
		DD78E3971541EBBA00E60A4A /* main.cpp */ = {isa = PBXFileReference; fileEncoding = 4; lastKnownFileType = sourcecode.cpp.cpp; path = main.cpp; sourceTree = "<group>"; };
		DD78E3981541EBBA00E60A4A /* testApp.cpp */ = {isa = PBXFileReference; fileEncoding = 4; lastKnownFileType = sourcecode.cpp.cpp; path = testApp.cpp; sourceTree = "<group>"; };
		DD78E3991541EBBA00E60A4A /* testApp.h */ = {isa = PBXFileReference; fileEncoding = 4; lastKnownFileType = sourcecode.c.h; path = testApp.h; sourceTree = "<group>"; };
		DD78E39D1541EFF200E60A4A /* install.xml */ = {isa = PBXFileReference; fileEncoding = 4; lastKnownFileType = text.xml; path = install.xml; sourceTree = "<group>"; };
		DD78E3A21541EFF200E60A4A /* cv.h */ = {isa = PBXFileReference; fileEncoding = 4; lastKnownFileType = sourcecode.c.h; path = cv.h; sourceTree = "<group>"; };
		DD78E3A31541EFF200E60A4A /* cv.hpp */ = {isa = PBXFileReference; fileEncoding = 4; lastKnownFileType = sourcecode.cpp.h; path = cv.hpp; sourceTree = "<group>"; };
		DD78E3A41541EFF200E60A4A /* cvaux.h */ = {isa = PBXFileReference; fileEncoding = 4; lastKnownFileType = sourcecode.c.h; path = cvaux.h; sourceTree = "<group>"; };
		DD78E3A51541EFF200E60A4A /* cvaux.hpp */ = {isa = PBXFileReference; fileEncoding = 4; lastKnownFileType = sourcecode.cpp.h; path = cvaux.hpp; sourceTree = "<group>"; };
		DD78E3A61541EFF200E60A4A /* cvwimage.h */ = {isa = PBXFileReference; fileEncoding = 4; lastKnownFileType = sourcecode.c.h; path = cvwimage.h; sourceTree = "<group>"; };
		DD78E3A71541EFF200E60A4A /* cxcore.h */ = {isa = PBXFileReference; fileEncoding = 4; lastKnownFileType = sourcecode.c.h; path = cxcore.h; sourceTree = "<group>"; };
		DD78E3A81541EFF200E60A4A /* cxcore.hpp */ = {isa = PBXFileReference; fileEncoding = 4; lastKnownFileType = sourcecode.cpp.h; path = cxcore.hpp; sourceTree = "<group>"; };
		DD78E3A91541EFF200E60A4A /* cxeigen.hpp */ = {isa = PBXFileReference; fileEncoding = 4; lastKnownFileType = sourcecode.cpp.h; path = cxeigen.hpp; sourceTree = "<group>"; };
		DD78E3AA1541EFF200E60A4A /* cxmisc.h */ = {isa = PBXFileReference; fileEncoding = 4; lastKnownFileType = sourcecode.c.h; path = cxmisc.h; sourceTree = "<group>"; };
		DD78E3AB1541EFF200E60A4A /* highgui.h */ = {isa = PBXFileReference; fileEncoding = 4; lastKnownFileType = sourcecode.c.h; path = highgui.h; sourceTree = "<group>"; };
		DD78E3AC1541EFF200E60A4A /* ml.h */ = {isa = PBXFileReference; fileEncoding = 4; lastKnownFileType = sourcecode.c.h; path = ml.h; sourceTree = "<group>"; };
		DD78E3AF1541EFF200E60A4A /* calib3d.hpp */ = {isa = PBXFileReference; fileEncoding = 4; lastKnownFileType = sourcecode.cpp.h; path = calib3d.hpp; sourceTree = "<group>"; };
		DD78E3B11541EFF200E60A4A /* contrib.hpp */ = {isa = PBXFileReference; fileEncoding = 4; lastKnownFileType = sourcecode.cpp.h; path = contrib.hpp; sourceTree = "<group>"; };
		DD78E3B31541EFF200E60A4A /* core.hpp */ = {isa = PBXFileReference; fileEncoding = 4; lastKnownFileType = sourcecode.cpp.h; path = core.hpp; sourceTree = "<group>"; };
		DD78E3B41541EFF200E60A4A /* core_c.h */ = {isa = PBXFileReference; fileEncoding = 4; lastKnownFileType = sourcecode.c.h; path = core_c.h; sourceTree = "<group>"; };
		DD78E3B51541EFF200E60A4A /* eigen.hpp */ = {isa = PBXFileReference; fileEncoding = 4; lastKnownFileType = sourcecode.cpp.h; path = eigen.hpp; sourceTree = "<group>"; };
		DD78E3B61541EFF200E60A4A /* internal.hpp */ = {isa = PBXFileReference; fileEncoding = 4; lastKnownFileType = sourcecode.cpp.h; path = internal.hpp; sourceTree = "<group>"; };
		DD78E3B71541EFF200E60A4A /* mat.hpp */ = {isa = PBXFileReference; fileEncoding = 4; lastKnownFileType = sourcecode.cpp.h; path = mat.hpp; sourceTree = "<group>"; };
		DD78E3B81541EFF200E60A4A /* operations.hpp */ = {isa = PBXFileReference; fileEncoding = 4; lastKnownFileType = sourcecode.cpp.h; path = operations.hpp; sourceTree = "<group>"; };
		DD78E3B91541EFF200E60A4A /* types_c.h */ = {isa = PBXFileReference; fileEncoding = 4; lastKnownFileType = sourcecode.c.h; path = types_c.h; sourceTree = "<group>"; };
		DD78E3BA1541EFF200E60A4A /* version.hpp */ = {isa = PBXFileReference; fileEncoding = 4; lastKnownFileType = sourcecode.cpp.h; path = version.hpp; sourceTree = "<group>"; };
		DD78E3BB1541EFF200E60A4A /* wimage.hpp */ = {isa = PBXFileReference; fileEncoding = 4; lastKnownFileType = sourcecode.cpp.h; path = wimage.hpp; sourceTree = "<group>"; };
		DD78E3BD1541EFF200E60A4A /* features2d.hpp */ = {isa = PBXFileReference; fileEncoding = 4; lastKnownFileType = sourcecode.cpp.h; path = features2d.hpp; sourceTree = "<group>"; };
		DD78E3BF1541EFF200E60A4A /* all_indices.h */ = {isa = PBXFileReference; fileEncoding = 4; lastKnownFileType = sourcecode.c.h; path = all_indices.h; sourceTree = "<group>"; };
		DD78E3C01541EFF200E60A4A /* allocator.h */ = {isa = PBXFileReference; fileEncoding = 4; lastKnownFileType = sourcecode.c.h; path = allocator.h; sourceTree = "<group>"; };
		DD78E3C11541EFF200E60A4A /* autotuned_index.h */ = {isa = PBXFileReference; fileEncoding = 4; lastKnownFileType = sourcecode.c.h; path = autotuned_index.h; sourceTree = "<group>"; };
		DD78E3C21541EFF200E60A4A /* composite_index.h */ = {isa = PBXFileReference; fileEncoding = 4; lastKnownFileType = sourcecode.c.h; path = composite_index.h; sourceTree = "<group>"; };
		DD78E3C31541EFF200E60A4A /* dist.h */ = {isa = PBXFileReference; fileEncoding = 4; lastKnownFileType = sourcecode.c.h; path = dist.h; sourceTree = "<group>"; };
		DD78E3C41541EFF200E60A4A /* flann.hpp */ = {isa = PBXFileReference; fileEncoding = 4; lastKnownFileType = sourcecode.cpp.h; path = flann.hpp; sourceTree = "<group>"; };
		DD78E3C51541EFF200E60A4A /* flann_base.hpp */ = {isa = PBXFileReference; fileEncoding = 4; lastKnownFileType = sourcecode.cpp.h; path = flann_base.hpp; sourceTree = "<group>"; };
		DD78E3C61541EFF200E60A4A /* general.h */ = {isa = PBXFileReference; fileEncoding = 4; lastKnownFileType = sourcecode.c.h; path = general.h; sourceTree = "<group>"; };
		DD78E3C71541EFF200E60A4A /* ground_truth.h */ = {isa = PBXFileReference; fileEncoding = 4; lastKnownFileType = sourcecode.c.h; path = ground_truth.h; sourceTree = "<group>"; };
		DD78E3C81541EFF200E60A4A /* hdf5.h */ = {isa = PBXFileReference; fileEncoding = 4; lastKnownFileType = sourcecode.c.h; path = hdf5.h; sourceTree = "<group>"; };
		DD78E3C91541EFF200E60A4A /* heap.h */ = {isa = PBXFileReference; fileEncoding = 4; lastKnownFileType = sourcecode.c.h; path = heap.h; sourceTree = "<group>"; };
		DD78E3CA1541EFF200E60A4A /* index_testing.h */ = {isa = PBXFileReference; fileEncoding = 4; lastKnownFileType = sourcecode.c.h; path = index_testing.h; sourceTree = "<group>"; };
		DD78E3CB1541EFF200E60A4A /* kdtree_index.h */ = {isa = PBXFileReference; fileEncoding = 4; lastKnownFileType = sourcecode.c.h; path = kdtree_index.h; sourceTree = "<group>"; };
		DD78E3CC1541EFF200E60A4A /* kmeans_index.h */ = {isa = PBXFileReference; fileEncoding = 4; lastKnownFileType = sourcecode.c.h; path = kmeans_index.h; sourceTree = "<group>"; };
		DD78E3CD1541EFF200E60A4A /* linear_index.h */ = {isa = PBXFileReference; fileEncoding = 4; lastKnownFileType = sourcecode.c.h; path = linear_index.h; sourceTree = "<group>"; };
		DD78E3CE1541EFF200E60A4A /* logger.h */ = {isa = PBXFileReference; fileEncoding = 4; lastKnownFileType = sourcecode.c.h; path = logger.h; sourceTree = "<group>"; };
		DD78E3CF1541EFF200E60A4A /* matrix.h */ = {isa = PBXFileReference; fileEncoding = 4; lastKnownFileType = sourcecode.c.h; path = matrix.h; sourceTree = "<group>"; };
		DD78E3D01541EFF200E60A4A /* nn_index.h */ = {isa = PBXFileReference; fileEncoding = 4; lastKnownFileType = sourcecode.c.h; path = nn_index.h; sourceTree = "<group>"; };
		DD78E3D11541EFF200E60A4A /* object_factory.h */ = {isa = PBXFileReference; fileEncoding = 4; lastKnownFileType = sourcecode.c.h; path = object_factory.h; sourceTree = "<group>"; };
		DD78E3D21541EFF200E60A4A /* random.h */ = {isa = PBXFileReference; fileEncoding = 4; lastKnownFileType = sourcecode.c.h; path = random.h; sourceTree = "<group>"; };
		DD78E3D31541EFF200E60A4A /* result_set.h */ = {isa = PBXFileReference; fileEncoding = 4; lastKnownFileType = sourcecode.c.h; path = result_set.h; sourceTree = "<group>"; };
		DD78E3D41541EFF200E60A4A /* sampling.h */ = {isa = PBXFileReference; fileEncoding = 4; lastKnownFileType = sourcecode.c.h; path = sampling.h; sourceTree = "<group>"; };
		DD78E3D51541EFF200E60A4A /* saving.h */ = {isa = PBXFileReference; fileEncoding = 4; lastKnownFileType = sourcecode.c.h; path = saving.h; sourceTree = "<group>"; };
		DD78E3D61541EFF200E60A4A /* simplex_downhill.h */ = {isa = PBXFileReference; fileEncoding = 4; lastKnownFileType = sourcecode.c.h; path = simplex_downhill.h; sourceTree = "<group>"; };
		DD78E3D71541EFF200E60A4A /* timer.h */ = {isa = PBXFileReference; fileEncoding = 4; lastKnownFileType = sourcecode.c.h; path = timer.h; sourceTree = "<group>"; };
		DD78E3D91541EFF200E60A4A /* devmem2d.hpp */ = {isa = PBXFileReference; fileEncoding = 4; lastKnownFileType = sourcecode.cpp.h; path = devmem2d.hpp; sourceTree = "<group>"; };
		DD78E3DA1541EFF200E60A4A /* gpu.hpp */ = {isa = PBXFileReference; fileEncoding = 4; lastKnownFileType = sourcecode.cpp.h; path = gpu.hpp; sourceTree = "<group>"; };
		DD78E3DB1541EFF200E60A4A /* matrix_operations.hpp */ = {isa = PBXFileReference; fileEncoding = 4; lastKnownFileType = sourcecode.cpp.h; path = matrix_operations.hpp; sourceTree = "<group>"; };
		DD78E3DC1541EFF200E60A4A /* stream_accessor.hpp */ = {isa = PBXFileReference; fileEncoding = 4; lastKnownFileType = sourcecode.cpp.h; path = stream_accessor.hpp; sourceTree = "<group>"; };
		DD78E3DE1541EFF200E60A4A /* highgui.hpp */ = {isa = PBXFileReference; fileEncoding = 4; lastKnownFileType = sourcecode.cpp.h; path = highgui.hpp; sourceTree = "<group>"; };
		DD78E3DF1541EFF200E60A4A /* highgui_c.h */ = {isa = PBXFileReference; fileEncoding = 4; lastKnownFileType = sourcecode.c.h; path = highgui_c.h; sourceTree = "<group>"; };
		DD78E3E11541EFF200E60A4A /* imgproc.hpp */ = {isa = PBXFileReference; fileEncoding = 4; lastKnownFileType = sourcecode.cpp.h; path = imgproc.hpp; sourceTree = "<group>"; };
		DD78E3E21541EFF200E60A4A /* imgproc_c.h */ = {isa = PBXFileReference; fileEncoding = 4; lastKnownFileType = sourcecode.c.h; path = imgproc_c.h; sourceTree = "<group>"; };
		DD78E3E31541EFF200E60A4A /* types_c.h */ = {isa = PBXFileReference; fileEncoding = 4; lastKnownFileType = sourcecode.c.h; path = types_c.h; sourceTree = "<group>"; };
		DD78E3E51541EFF200E60A4A /* blobtrack.hpp */ = {isa = PBXFileReference; fileEncoding = 4; lastKnownFileType = sourcecode.cpp.h; path = blobtrack.hpp; sourceTree = "<group>"; };
		DD78E3E61541EFF200E60A4A /* compat.hpp */ = {isa = PBXFileReference; fileEncoding = 4; lastKnownFileType = sourcecode.cpp.h; path = compat.hpp; sourceTree = "<group>"; };
		DD78E3E71541EFF200E60A4A /* legacy.hpp */ = {isa = PBXFileReference; fileEncoding = 4; lastKnownFileType = sourcecode.cpp.h; path = legacy.hpp; sourceTree = "<group>"; };
		DD78E3E81541EFF200E60A4A /* streams.hpp */ = {isa = PBXFileReference; fileEncoding = 4; lastKnownFileType = sourcecode.cpp.h; path = streams.hpp; sourceTree = "<group>"; };
		DD78E3EA1541EFF200E60A4A /* ml.hpp */ = {isa = PBXFileReference; fileEncoding = 4; lastKnownFileType = sourcecode.cpp.h; path = ml.hpp; sourceTree = "<group>"; };
		DD78E3EC1541EFF200E60A4A /* objdetect.hpp */ = {isa = PBXFileReference; fileEncoding = 4; lastKnownFileType = sourcecode.cpp.h; path = objdetect.hpp; sourceTree = "<group>"; };
		DD78E3ED1541EFF200E60A4A /* opencv.hpp */ = {isa = PBXFileReference; fileEncoding = 4; lastKnownFileType = sourcecode.cpp.h; path = opencv.hpp; sourceTree = "<group>"; };
		DD78E3EF1541EFF200E60A4A /* background_segm.hpp */ = {isa = PBXFileReference; fileEncoding = 4; lastKnownFileType = sourcecode.cpp.h; path = background_segm.hpp; sourceTree = "<group>"; };
		DD78E3F01541EFF200E60A4A /* tracking.hpp */ = {isa = PBXFileReference; fileEncoding = 4; lastKnownFileType = sourcecode.cpp.h; path = tracking.hpp; sourceTree = "<group>"; };
		DD78E3F31541EFF200E60A4A /* opencv.a */ = {isa = PBXFileReference; lastKnownFileType = archive.ar; path = opencv.a; sourceTree = "<group>"; };
		DD78E3F51541EFF200E60A4A /* ofxCvBlob.h */ = {isa = PBXFileReference; fileEncoding = 4; lastKnownFileType = sourcecode.c.h; path = ofxCvBlob.h; sourceTree = "<group>"; };
		DD78E3F61541EFF200E60A4A /* ofxCvColorImage.cpp */ = {isa = PBXFileReference; fileEncoding = 4; lastKnownFileType = sourcecode.cpp.cpp; path = ofxCvColorImage.cpp; sourceTree = "<group>"; };
		DD78E3F71541EFF200E60A4A /* ofxCvColorImage.h */ = {isa = PBXFileReference; fileEncoding = 4; lastKnownFileType = sourcecode.c.h; path = ofxCvColorImage.h; sourceTree = "<group>"; };
		DD78E3F81541EFF200E60A4A /* ofxCvConstants.h */ = {isa = PBXFileReference; fileEncoding = 4; lastKnownFileType = sourcecode.c.h; path = ofxCvConstants.h; sourceTree = "<group>"; };
		DD78E3F91541EFF200E60A4A /* ofxCvContourFinder.cpp */ = {isa = PBXFileReference; fileEncoding = 4; lastKnownFileType = sourcecode.cpp.cpp; path = ofxCvContourFinder.cpp; sourceTree = "<group>"; };
		DD78E3FA1541EFF200E60A4A /* ofxCvContourFinder.h */ = {isa = PBXFileReference; fileEncoding = 4; lastKnownFileType = sourcecode.c.h; path = ofxCvContourFinder.h; sourceTree = "<group>"; };
		DD78E3FB1541EFF200E60A4A /* ofxCvFloatImage.cpp */ = {isa = PBXFileReference; fileEncoding = 4; lastKnownFileType = sourcecode.cpp.cpp; path = ofxCvFloatImage.cpp; sourceTree = "<group>"; };
		DD78E3FC1541EFF200E60A4A /* ofxCvFloatImage.h */ = {isa = PBXFileReference; fileEncoding = 4; lastKnownFileType = sourcecode.c.h; path = ofxCvFloatImage.h; sourceTree = "<group>"; };
		DD78E3FD1541EFF200E60A4A /* ofxCvGrayscaleImage.cpp */ = {isa = PBXFileReference; fileEncoding = 4; lastKnownFileType = sourcecode.cpp.cpp; path = ofxCvGrayscaleImage.cpp; sourceTree = "<group>"; };
		DD78E3FE1541EFF200E60A4A /* ofxCvGrayscaleImage.h */ = {isa = PBXFileReference; fileEncoding = 4; lastKnownFileType = sourcecode.c.h; path = ofxCvGrayscaleImage.h; sourceTree = "<group>"; };
		DD78E3FF1541EFF200E60A4A /* ofxCvHaarFinder.cpp */ = {isa = PBXFileReference; fileEncoding = 4; lastKnownFileType = sourcecode.cpp.cpp; path = ofxCvHaarFinder.cpp; sourceTree = "<group>"; };
		DD78E4001541EFF200E60A4A /* ofxCvHaarFinder.h */ = {isa = PBXFileReference; fileEncoding = 4; lastKnownFileType = sourcecode.c.h; path = ofxCvHaarFinder.h; sourceTree = "<group>"; };
		DD78E4011541EFF200E60A4A /* ofxCvImage.cpp */ = {isa = PBXFileReference; fileEncoding = 4; lastKnownFileType = sourcecode.cpp.cpp; path = ofxCvImage.cpp; sourceTree = "<group>"; };
		DD78E4021541EFF200E60A4A /* ofxCvImage.h */ = {isa = PBXFileReference; fileEncoding = 4; lastKnownFileType = sourcecode.c.h; path = ofxCvImage.h; sourceTree = "<group>"; };
		DD78E4031541EFF200E60A4A /* ofxCvMain.h */ = {isa = PBXFileReference; fileEncoding = 4; lastKnownFileType = sourcecode.c.h; path = ofxCvMain.h; sourceTree = "<group>"; };
		DD78E4041541EFF200E60A4A /* ofxCvShortImage.cpp */ = {isa = PBXFileReference; fileEncoding = 4; lastKnownFileType = sourcecode.cpp.cpp; path = ofxCvShortImage.cpp; sourceTree = "<group>"; };
		DD78E4051541EFF200E60A4A /* ofxCvShortImage.h */ = {isa = PBXFileReference; fileEncoding = 4; lastKnownFileType = sourcecode.c.h; path = ofxCvShortImage.h; sourceTree = "<group>"; };
		DD78E4061541EFF200E60A4A /* ofxOpenCv.h */ = {isa = PBXFileReference; fileEncoding = 4; lastKnownFileType = sourcecode.c.h; path = ofxOpenCv.h; sourceTree = "<group>"; };
		DD78E40F1541F01600E60A4A /* tracker.cpp */ = {isa = PBXFileReference; fileEncoding = 4; lastKnownFileType = sourcecode.cpp.cpp; path = tracker.cpp; sourceTree = "<group>"; };
		DD78E4111541F02100E60A4A /* tracker.h */ = {isa = PBXFileReference; lastKnownFileType = sourcecode.c.h; path = tracker.h; sourceTree = "<group>"; };
		DD78E4121541F1C600E60A4A /* calibrator.cpp */ = {isa = PBXFileReference; fileEncoding = 4; lastKnownFileType = sourcecode.cpp.cpp; path = calibrator.cpp; sourceTree = "<group>"; };
		DD78E4131541F1C700E60A4A /* calibrator.h */ = {isa = PBXFileReference; fileEncoding = 4; lastKnownFileType = sourcecode.c.h; path = calibrator.h; sourceTree = "<group>"; };
		DD78E4151541F95E00E60A4A /* GameBlock.cpp */ = {isa = PBXFileReference; fileEncoding = 4; lastKnownFileType = sourcecode.cpp.cpp; path = GameBlock.cpp; sourceTree = "<group>"; };
		DD78E4161541F95E00E60A4A /* GameBlock.h */ = {isa = PBXFileReference; fileEncoding = 4; lastKnownFileType = sourcecode.c.h; path = GameBlock.h; sourceTree = "<group>"; };
		DD78E4181541F96500E60A4A /* gameScreen.cpp */ = {isa = PBXFileReference; fileEncoding = 4; lastKnownFileType = sourcecode.cpp.cpp; path = gameScreen.cpp; sourceTree = "<group>"; };
		DD78E4191541F96500E60A4A /* gameScreen.h */ = {isa = PBXFileReference; fileEncoding = 4; lastKnownFileType = sourcecode.c.h; path = gameScreen.h; sourceTree = "<group>"; };
		DD78E41B1541FAD900E60A4A /* coordWarp.h */ = {isa = PBXFileReference; fileEncoding = 4; lastKnownFileType = sourcecode.c.h; path = coordWarp.h; sourceTree = "<group>"; };
		DD78E41C1541FAD900E60A4A /* coordWarp.cpp */ = {isa = PBXFileReference; fileEncoding = 4; lastKnownFileType = sourcecode.cpp.cpp; path = coordWarp.cpp; sourceTree = "<group>"; };
		DD78E42D15421BDE00E60A4A /* install.xml */ = {isa = PBXFileReference; fileEncoding = 4; lastKnownFileType = text.xml; path = install.xml; sourceTree = "<group>"; };
		DD78E42F15421BDE00E60A4A /* tinyxml.cpp */ = {isa = PBXFileReference; fileEncoding = 4; lastKnownFileType = sourcecode.cpp.cpp; path = tinyxml.cpp; sourceTree = "<group>"; };
		DD78E43015421BDE00E60A4A /* tinyxml.h */ = {isa = PBXFileReference; fileEncoding = 4; lastKnownFileType = sourcecode.c.h; path = tinyxml.h; sourceTree = "<group>"; };
		DD78E43115421BDE00E60A4A /* tinyxmlerror.cpp */ = {isa = PBXFileReference; fileEncoding = 4; lastKnownFileType = sourcecode.cpp.cpp; path = tinyxmlerror.cpp; sourceTree = "<group>"; };
		DD78E43215421BDE00E60A4A /* tinyxmlparser.cpp */ = {isa = PBXFileReference; fileEncoding = 4; lastKnownFileType = sourcecode.cpp.cpp; path = tinyxmlparser.cpp; sourceTree = "<group>"; };
		DD78E43415421BDE00E60A4A /* ofxXmlSettings.cpp */ = {isa = PBXFileReference; fileEncoding = 4; lastKnownFileType = sourcecode.cpp.cpp; path = ofxXmlSettings.cpp; sourceTree = "<group>"; };
		DD78E43515421BDE00E60A4A /* ofxXmlSettings.h */ = {isa = PBXFileReference; fileEncoding = 4; lastKnownFileType = sourcecode.c.h; path = ofxXmlSettings.h; sourceTree = "<group>"; };
		DD78E43A15421C0F00E60A4A /* SpriteAnimation.cpp */ = {isa = PBXFileReference; fileEncoding = 4; lastKnownFileType = sourcecode.cpp.cpp; path = SpriteAnimation.cpp; sourceTree = "<group>"; };
		DD78E43B15421C1000E60A4A /* SpriteAnimation.h */ = {isa = PBXFileReference; fileEncoding = 4; lastKnownFileType = sourcecode.c.h; path = SpriteAnimation.h; sourceTree = "<group>"; };
		DD78E43D1544478D00E60A4A /* AnimationLoader.cpp */ = {isa = PBXFileReference; fileEncoding = 4; lastKnownFileType = sourcecode.cpp.cpp; path = AnimationLoader.cpp; sourceTree = "<group>"; };
		DD78E43E1544478D00E60A4A /* AnimationLoader.h */ = {isa = PBXFileReference; fileEncoding = 4; lastKnownFileType = sourcecode.c.h; path = AnimationLoader.h; sourceTree = "<group>"; };
		DD78E4401544479C00E60A4A /* GameBackground.cpp */ = {isa = PBXFileReference; fileEncoding = 4; lastKnownFileType = sourcecode.cpp.cpp; path = GameBackground.cpp; sourceTree = "<group>"; };
		DD78E4411544479C00E60A4A /* GameBackground.h */ = {isa = PBXFileReference; fileEncoding = 4; lastKnownFileType = sourcecode.c.h; path = GameBackground.h; sourceTree = "<group>"; };
		E4328143138ABC890047C5CB /* openFrameworksLib.xcodeproj */ = {isa = PBXFileReference; lastKnownFileType = "wrapper.pb-project"; name = openFrameworksLib.xcodeproj; path = ../../../libs/openFrameworksCompiled/project/osx/openFrameworksLib.xcodeproj; sourceTree = SOURCE_ROOT; };
		E45BE9710E8CC7DD009D7055 /* AGL.framework */ = {isa = PBXFileReference; lastKnownFileType = wrapper.framework; name = AGL.framework; path = /System/Library/Frameworks/AGL.framework; sourceTree = "<absolute>"; };
		E45BE9720E8CC7DD009D7055 /* ApplicationServices.framework */ = {isa = PBXFileReference; lastKnownFileType = wrapper.framework; name = ApplicationServices.framework; path = /System/Library/Frameworks/ApplicationServices.framework; sourceTree = "<absolute>"; };
		E45BE9730E8CC7DD009D7055 /* AudioToolbox.framework */ = {isa = PBXFileReference; lastKnownFileType = wrapper.framework; name = AudioToolbox.framework; path = /System/Library/Frameworks/AudioToolbox.framework; sourceTree = "<absolute>"; };
		E45BE9740E8CC7DD009D7055 /* Carbon.framework */ = {isa = PBXFileReference; lastKnownFileType = wrapper.framework; name = Carbon.framework; path = /System/Library/Frameworks/Carbon.framework; sourceTree = "<absolute>"; };
		E45BE9750E8CC7DD009D7055 /* CoreAudio.framework */ = {isa = PBXFileReference; lastKnownFileType = wrapper.framework; name = CoreAudio.framework; path = /System/Library/Frameworks/CoreAudio.framework; sourceTree = "<absolute>"; };
		E45BE9760E8CC7DD009D7055 /* CoreFoundation.framework */ = {isa = PBXFileReference; lastKnownFileType = wrapper.framework; name = CoreFoundation.framework; path = /System/Library/Frameworks/CoreFoundation.framework; sourceTree = "<absolute>"; };
		E45BE9770E8CC7DD009D7055 /* CoreServices.framework */ = {isa = PBXFileReference; lastKnownFileType = wrapper.framework; name = CoreServices.framework; path = /System/Library/Frameworks/CoreServices.framework; sourceTree = "<absolute>"; };
		E45BE9790E8CC7DD009D7055 /* OpenGL.framework */ = {isa = PBXFileReference; lastKnownFileType = wrapper.framework; name = OpenGL.framework; path = /System/Library/Frameworks/OpenGL.framework; sourceTree = "<absolute>"; };
		E45BE97A0E8CC7DD009D7055 /* QuickTime.framework */ = {isa = PBXFileReference; lastKnownFileType = wrapper.framework; name = QuickTime.framework; path = /System/Library/Frameworks/QuickTime.framework; sourceTree = "<absolute>"; };
		E4B69B5B0A3A1756003C02F2 /* emptyExampleDebug.app */ = {isa = PBXFileReference; explicitFileType = wrapper.application; includeInIndex = 0; path = emptyExampleDebug.app; sourceTree = BUILT_PRODUCTS_DIR; };
		E4B6FCAD0C3E899E008CF71C /* openFrameworks-Info.plist */ = {isa = PBXFileReference; fileEncoding = 30; lastKnownFileType = text.plist.xml; path = "openFrameworks-Info.plist"; sourceTree = "<group>"; };
		E4C2424410CC5A17004149E2 /* AppKit.framework */ = {isa = PBXFileReference; lastKnownFileType = wrapper.framework; name = AppKit.framework; path = /System/Library/Frameworks/AppKit.framework; sourceTree = "<absolute>"; };
		E4C2424510CC5A17004149E2 /* Cocoa.framework */ = {isa = PBXFileReference; lastKnownFileType = wrapper.framework; name = Cocoa.framework; path = /System/Library/Frameworks/Cocoa.framework; sourceTree = "<absolute>"; };
		E4C2424610CC5A17004149E2 /* IOKit.framework */ = {isa = PBXFileReference; lastKnownFileType = wrapper.framework; name = IOKit.framework; path = /System/Library/Frameworks/IOKit.framework; sourceTree = "<absolute>"; };
		E4EB691F138AFCF100A09F29 /* CoreOF.xcconfig */ = {isa = PBXFileReference; fileEncoding = 4; lastKnownFileType = text.xcconfig; name = CoreOF.xcconfig; path = ../../../libs/openFrameworksCompiled/project/osx/CoreOF.xcconfig; sourceTree = SOURCE_ROOT; };
		E4EB6923138AFD0F00A09F29 /* Project.xcconfig */ = {isa = PBXFileReference; fileEncoding = 4; lastKnownFileType = text.xcconfig; path = Project.xcconfig; sourceTree = "<group>"; };
/* End PBXFileReference section */

/* Begin PBXFrameworksBuildPhase section */
		E4B69B590A3A1756003C02F2 /* Frameworks */ = {
			isa = PBXFrameworksBuildPhase;
			buildActionMask = 2147483647;
			files = (
				E4EB6799138ADC1D00A09F29 /* GLUT.framework in Frameworks */,
				E4328149138ABC9F0047C5CB /* openFrameworksDebug.a in Frameworks */,
				E45BE97B0E8CC7DD009D7055 /* AGL.framework in Frameworks */,
				E45BE97C0E8CC7DD009D7055 /* ApplicationServices.framework in Frameworks */,
				E45BE97D0E8CC7DD009D7055 /* AudioToolbox.framework in Frameworks */,
				E45BE97E0E8CC7DD009D7055 /* Carbon.framework in Frameworks */,
				E45BE97F0E8CC7DD009D7055 /* CoreAudio.framework in Frameworks */,
				E45BE9800E8CC7DD009D7055 /* CoreFoundation.framework in Frameworks */,
				E45BE9810E8CC7DD009D7055 /* CoreServices.framework in Frameworks */,
				E45BE9830E8CC7DD009D7055 /* OpenGL.framework in Frameworks */,
				E45BE9840E8CC7DD009D7055 /* QuickTime.framework in Frameworks */,
				E4C2424710CC5A17004149E2 /* AppKit.framework in Frameworks */,
				E4C2424810CC5A17004149E2 /* Cocoa.framework in Frameworks */,
				E4C2424910CC5A17004149E2 /* IOKit.framework in Frameworks */,
				DD78E4071541EFF200E60A4A /* opencv.a in Frameworks */,
			);
			runOnlyForDeploymentPostprocessing = 0;
		};
/* End PBXFrameworksBuildPhase section */

/* Begin PBXGroup section */
		BB4B014C10F69532006C3DED /* addons */ = {
			isa = PBXGroup;
			children = (
				DD78E42C15421BDE00E60A4A /* ofxXmlSettings */,
				DD78E39C1541EFF200E60A4A /* ofxOpenCv */,
			);
			name = addons;
			sourceTree = "<group>";
		};
		BBAB23C913894ECA00AA2426 /* system frameworks */ = {
			isa = PBXGroup;
			children = (
				E4C2424410CC5A17004149E2 /* AppKit.framework */,
				E4C2424510CC5A17004149E2 /* Cocoa.framework */,
				E4C2424610CC5A17004149E2 /* IOKit.framework */,
				E45BE9710E8CC7DD009D7055 /* AGL.framework */,
				E45BE9720E8CC7DD009D7055 /* ApplicationServices.framework */,
				E45BE9730E8CC7DD009D7055 /* AudioToolbox.framework */,
				E45BE9740E8CC7DD009D7055 /* Carbon.framework */,
				E45BE9750E8CC7DD009D7055 /* CoreAudio.framework */,
				E45BE9760E8CC7DD009D7055 /* CoreFoundation.framework */,
				E45BE9770E8CC7DD009D7055 /* CoreServices.framework */,
				E45BE9790E8CC7DD009D7055 /* OpenGL.framework */,
				E45BE97A0E8CC7DD009D7055 /* QuickTime.framework */,
			);
			name = "system frameworks";
			sourceTree = "<group>";
		};
		BBAB23CA13894EDB00AA2426 /* 3rd party frameworks */ = {
			isa = PBXGroup;
			children = (
				BBAB23BE13894E4700AA2426 /* GLUT.framework */,
			);
			name = "3rd party frameworks";
			sourceTree = "<group>";
		};
		DD78E3961541EBBA00E60A4A /* code */ = {
			isa = PBXGroup;
			children = (
				DD78E3971541EBBA00E60A4A /* main.cpp */,
				DD78E3991541EBBA00E60A4A /* testApp.h */,
				DD78E3981541EBBA00E60A4A /* testApp.cpp */,
				DD78E4151541F95E00E60A4A /* GameBlock.cpp */,
				DD78E4161541F95E00E60A4A /* GameBlock.h */,
				DD78E43A15421C0F00E60A4A /* SpriteAnimation.cpp */,
				DD78E43B15421C1000E60A4A /* SpriteAnimation.h */,
				DD78E43D1544478D00E60A4A /* AnimationLoader.cpp */,
				DD78E43E1544478D00E60A4A /* AnimationLoader.h */,
				DD78E4401544479C00E60A4A /* GameBackground.cpp */,
				DD78E4411544479C00E60A4A /* GameBackground.h */,
				DD78E4181541F96500E60A4A /* gameScreen.cpp */,
				DD78E4191541F96500E60A4A /* gameScreen.h */,
				DD78E4131541F1C700E60A4A /* calibrator.h */,
				DD78E4121541F1C600E60A4A /* calibrator.cpp */,
				DD78E4111541F02100E60A4A /* tracker.h */,
				DD78E40F1541F01600E60A4A /* tracker.cpp */,
				DD78E41B1541FAD900E60A4A /* coordWarp.h */,
				DD78E41C1541FAD900E60A4A /* coordWarp.cpp */,
			);
			name = code;
			path = ../code;
			sourceTree = "<group>";
		};
		DD78E39C1541EFF200E60A4A /* ofxOpenCv */ = {
			isa = PBXGroup;
			children = (
				DD78E39D1541EFF200E60A4A /* install.xml */,
				DD78E39E1541EFF200E60A4A /* libs */,
				DD78E3F41541EFF200E60A4A /* src */,
			);
			name = ofxOpenCv;
			path = ../../../addons/ofxOpenCv;
			sourceTree = "<group>";
		};
		DD78E39E1541EFF200E60A4A /* libs */ = {
			isa = PBXGroup;
			children = (
				DD78E39F1541EFF200E60A4A /* opencv */,
			);
			path = libs;
			sourceTree = "<group>";
		};
		DD78E39F1541EFF200E60A4A /* opencv */ = {
			isa = PBXGroup;
			children = (
				DD78E3A01541EFF200E60A4A /* include */,
				DD78E3F11541EFF200E60A4A /* lib */,
			);
			path = opencv;
			sourceTree = "<group>";
		};
		DD78E3A01541EFF200E60A4A /* include */ = {
			isa = PBXGroup;
			children = (
				DD78E3A11541EFF200E60A4A /* opencv */,
				DD78E3AD1541EFF200E60A4A /* opencv2 */,
			);
			path = include;
			sourceTree = "<group>";
		};
		DD78E3A11541EFF200E60A4A /* opencv */ = {
			isa = PBXGroup;
			children = (
				DD78E3A21541EFF200E60A4A /* cv.h */,
				DD78E3A31541EFF200E60A4A /* cv.hpp */,
				DD78E3A41541EFF200E60A4A /* cvaux.h */,
				DD78E3A51541EFF200E60A4A /* cvaux.hpp */,
				DD78E3A61541EFF200E60A4A /* cvwimage.h */,
				DD78E3A71541EFF200E60A4A /* cxcore.h */,
				DD78E3A81541EFF200E60A4A /* cxcore.hpp */,
				DD78E3A91541EFF200E60A4A /* cxeigen.hpp */,
				DD78E3AA1541EFF200E60A4A /* cxmisc.h */,
				DD78E3AB1541EFF200E60A4A /* highgui.h */,
				DD78E3AC1541EFF200E60A4A /* ml.h */,
			);
			path = opencv;
			sourceTree = "<group>";
		};
		DD78E3AD1541EFF200E60A4A /* opencv2 */ = {
			isa = PBXGroup;
			children = (
				DD78E3AE1541EFF200E60A4A /* calib3d */,
				DD78E3B01541EFF200E60A4A /* contrib */,
				DD78E3B21541EFF200E60A4A /* core */,
				DD78E3BC1541EFF200E60A4A /* features2d */,
				DD78E3BE1541EFF200E60A4A /* flann */,
				DD78E3D81541EFF200E60A4A /* gpu */,
				DD78E3DD1541EFF200E60A4A /* highgui */,
				DD78E3E01541EFF200E60A4A /* imgproc */,
				DD78E3E41541EFF200E60A4A /* legacy */,
				DD78E3E91541EFF200E60A4A /* ml */,
				DD78E3EB1541EFF200E60A4A /* objdetect */,
				DD78E3ED1541EFF200E60A4A /* opencv.hpp */,
				DD78E3EE1541EFF200E60A4A /* video */,
			);
			path = opencv2;
			sourceTree = "<group>";
		};
		DD78E3AE1541EFF200E60A4A /* calib3d */ = {
			isa = PBXGroup;
			children = (
				DD78E3AF1541EFF200E60A4A /* calib3d.hpp */,
			);
			path = calib3d;
			sourceTree = "<group>";
		};
		DD78E3B01541EFF200E60A4A /* contrib */ = {
			isa = PBXGroup;
			children = (
				DD78E3B11541EFF200E60A4A /* contrib.hpp */,
			);
			path = contrib;
			sourceTree = "<group>";
		};
		DD78E3B21541EFF200E60A4A /* core */ = {
			isa = PBXGroup;
			children = (
				DD78E3B31541EFF200E60A4A /* core.hpp */,
				DD78E3B41541EFF200E60A4A /* core_c.h */,
				DD78E3B51541EFF200E60A4A /* eigen.hpp */,
				DD78E3B61541EFF200E60A4A /* internal.hpp */,
				DD78E3B71541EFF200E60A4A /* mat.hpp */,
				DD78E3B81541EFF200E60A4A /* operations.hpp */,
				DD78E3B91541EFF200E60A4A /* types_c.h */,
				DD78E3BA1541EFF200E60A4A /* version.hpp */,
				DD78E3BB1541EFF200E60A4A /* wimage.hpp */,
			);
			path = core;
			sourceTree = "<group>";
		};
		DD78E3BC1541EFF200E60A4A /* features2d */ = {
			isa = PBXGroup;
			children = (
				DD78E3BD1541EFF200E60A4A /* features2d.hpp */,
			);
			path = features2d;
			sourceTree = "<group>";
		};
		DD78E3BE1541EFF200E60A4A /* flann */ = {
			isa = PBXGroup;
			children = (
				DD78E3BF1541EFF200E60A4A /* all_indices.h */,
				DD78E3C01541EFF200E60A4A /* allocator.h */,
				DD78E3C11541EFF200E60A4A /* autotuned_index.h */,
				DD78E3C21541EFF200E60A4A /* composite_index.h */,
				DD78E3C31541EFF200E60A4A /* dist.h */,
				DD78E3C41541EFF200E60A4A /* flann.hpp */,
				DD78E3C51541EFF200E60A4A /* flann_base.hpp */,
				DD78E3C61541EFF200E60A4A /* general.h */,
				DD78E3C71541EFF200E60A4A /* ground_truth.h */,
				DD78E3C81541EFF200E60A4A /* hdf5.h */,
				DD78E3C91541EFF200E60A4A /* heap.h */,
				DD78E3CA1541EFF200E60A4A /* index_testing.h */,
				DD78E3CB1541EFF200E60A4A /* kdtree_index.h */,
				DD78E3CC1541EFF200E60A4A /* kmeans_index.h */,
				DD78E3CD1541EFF200E60A4A /* linear_index.h */,
				DD78E3CE1541EFF200E60A4A /* logger.h */,
				DD78E3CF1541EFF200E60A4A /* matrix.h */,
				DD78E3D01541EFF200E60A4A /* nn_index.h */,
				DD78E3D11541EFF200E60A4A /* object_factory.h */,
				DD78E3D21541EFF200E60A4A /* random.h */,
				DD78E3D31541EFF200E60A4A /* result_set.h */,
				DD78E3D41541EFF200E60A4A /* sampling.h */,
				DD78E3D51541EFF200E60A4A /* saving.h */,
				DD78E3D61541EFF200E60A4A /* simplex_downhill.h */,
				DD78E3D71541EFF200E60A4A /* timer.h */,
			);
			path = flann;
			sourceTree = "<group>";
		};
		DD78E3D81541EFF200E60A4A /* gpu */ = {
			isa = PBXGroup;
			children = (
				DD78E3D91541EFF200E60A4A /* devmem2d.hpp */,
				DD78E3DA1541EFF200E60A4A /* gpu.hpp */,
				DD78E3DB1541EFF200E60A4A /* matrix_operations.hpp */,
				DD78E3DC1541EFF200E60A4A /* stream_accessor.hpp */,
			);
			path = gpu;
			sourceTree = "<group>";
		};
		DD78E3DD1541EFF200E60A4A /* highgui */ = {
			isa = PBXGroup;
			children = (
				DD78E3DE1541EFF200E60A4A /* highgui.hpp */,
				DD78E3DF1541EFF200E60A4A /* highgui_c.h */,
			);
			path = highgui;
			sourceTree = "<group>";
		};
		DD78E3E01541EFF200E60A4A /* imgproc */ = {
			isa = PBXGroup;
			children = (
				DD78E3E11541EFF200E60A4A /* imgproc.hpp */,
				DD78E3E21541EFF200E60A4A /* imgproc_c.h */,
				DD78E3E31541EFF200E60A4A /* types_c.h */,
			);
			path = imgproc;
			sourceTree = "<group>";
		};
		DD78E3E41541EFF200E60A4A /* legacy */ = {
			isa = PBXGroup;
			children = (
				DD78E3E51541EFF200E60A4A /* blobtrack.hpp */,
				DD78E3E61541EFF200E60A4A /* compat.hpp */,
				DD78E3E71541EFF200E60A4A /* legacy.hpp */,
				DD78E3E81541EFF200E60A4A /* streams.hpp */,
			);
			path = legacy;
			sourceTree = "<group>";
		};
		DD78E3E91541EFF200E60A4A /* ml */ = {
			isa = PBXGroup;
			children = (
				DD78E3EA1541EFF200E60A4A /* ml.hpp */,
			);
			path = ml;
			sourceTree = "<group>";
		};
		DD78E3EB1541EFF200E60A4A /* objdetect */ = {
			isa = PBXGroup;
			children = (
				DD78E3EC1541EFF200E60A4A /* objdetect.hpp */,
			);
			path = objdetect;
			sourceTree = "<group>";
		};
		DD78E3EE1541EFF200E60A4A /* video */ = {
			isa = PBXGroup;
			children = (
				DD78E3EF1541EFF200E60A4A /* background_segm.hpp */,
				DD78E3F01541EFF200E60A4A /* tracking.hpp */,
			);
			path = video;
			sourceTree = "<group>";
		};
		DD78E3F11541EFF200E60A4A /* lib */ = {
			isa = PBXGroup;
			children = (
				DD78E3F21541EFF200E60A4A /* osx */,
			);
			path = lib;
			sourceTree = "<group>";
		};
		DD78E3F21541EFF200E60A4A /* osx */ = {
			isa = PBXGroup;
			children = (
				DD78E3F31541EFF200E60A4A /* opencv.a */,
			);
			path = osx;
			sourceTree = "<group>";
		};
		DD78E3F41541EFF200E60A4A /* src */ = {
			isa = PBXGroup;
			children = (
				DD78E3F51541EFF200E60A4A /* ofxCvBlob.h */,
				DD78E3F61541EFF200E60A4A /* ofxCvColorImage.cpp */,
				DD78E3F71541EFF200E60A4A /* ofxCvColorImage.h */,
				DD78E3F81541EFF200E60A4A /* ofxCvConstants.h */,
				DD78E3F91541EFF200E60A4A /* ofxCvContourFinder.cpp */,
				DD78E3FA1541EFF200E60A4A /* ofxCvContourFinder.h */,
				DD78E3FB1541EFF200E60A4A /* ofxCvFloatImage.cpp */,
				DD78E3FC1541EFF200E60A4A /* ofxCvFloatImage.h */,
				DD78E3FD1541EFF200E60A4A /* ofxCvGrayscaleImage.cpp */,
				DD78E3FE1541EFF200E60A4A /* ofxCvGrayscaleImage.h */,
				DD78E3FF1541EFF200E60A4A /* ofxCvHaarFinder.cpp */,
				DD78E4001541EFF200E60A4A /* ofxCvHaarFinder.h */,
				DD78E4011541EFF200E60A4A /* ofxCvImage.cpp */,
				DD78E4021541EFF200E60A4A /* ofxCvImage.h */,
				DD78E4031541EFF200E60A4A /* ofxCvMain.h */,
				DD78E4041541EFF200E60A4A /* ofxCvShortImage.cpp */,
				DD78E4051541EFF200E60A4A /* ofxCvShortImage.h */,
				DD78E4061541EFF200E60A4A /* ofxOpenCv.h */,
			);
			path = src;
			sourceTree = "<group>";
		};
		DD78E42C15421BDE00E60A4A /* ofxXmlSettings */ = {
			isa = PBXGroup;
			children = (
				DD78E42D15421BDE00E60A4A /* install.xml */,
				DD78E42E15421BDE00E60A4A /* libs */,
				DD78E43315421BDE00E60A4A /* src */,
			);
			name = ofxXmlSettings;
			path = ../../../addons/ofxXmlSettings;
			sourceTree = "<group>";
		};
		DD78E42E15421BDE00E60A4A /* libs */ = {
			isa = PBXGroup;
			children = (
				DD78E42F15421BDE00E60A4A /* tinyxml.cpp */,
				DD78E43015421BDE00E60A4A /* tinyxml.h */,
				DD78E43115421BDE00E60A4A /* tinyxmlerror.cpp */,
				DD78E43215421BDE00E60A4A /* tinyxmlparser.cpp */,
			);
			path = libs;
			sourceTree = "<group>";
		};
		DD78E43315421BDE00E60A4A /* src */ = {
			isa = PBXGroup;
			children = (
				DD78E43415421BDE00E60A4A /* ofxXmlSettings.cpp */,
				DD78E43515421BDE00E60A4A /* ofxXmlSettings.h */,
			);
			path = src;
			sourceTree = "<group>";
		};
		E4328144138ABC890047C5CB /* Products */ = {
			isa = PBXGroup;
			children = (
				E4328148138ABC890047C5CB /* openFrameworksDebug.a */,
			);
			name = Products;
			sourceTree = "<group>";
		};
		E45BE5980E8CC70C009D7055 /* frameworks */ = {
			isa = PBXGroup;
			children = (
				BBAB23CA13894EDB00AA2426 /* 3rd party frameworks */,
				BBAB23C913894ECA00AA2426 /* system frameworks */,
			);
			name = frameworks;
			sourceTree = "<group>";
		};
		E4B69B4A0A3A1720003C02F2 = {
			isa = PBXGroup;
			children = (
				E4B6FCAD0C3E899E008CF71C /* openFrameworks-Info.plist */,
				E4EB6923138AFD0F00A09F29 /* Project.xcconfig */,
				DD78E3961541EBBA00E60A4A /* code */,
				E4EEC9E9138DF44700A80321 /* openFrameworks */,
				BB4B014C10F69532006C3DED /* addons */,
				E45BE5980E8CC70C009D7055 /* frameworks */,
				E4B69B5B0A3A1756003C02F2 /* emptyExampleDebug.app */,
			);
			sourceTree = "<group>";
		};
		E4EEC9E9138DF44700A80321 /* openFrameworks */ = {
			isa = PBXGroup;
			children = (
				E4EB691F138AFCF100A09F29 /* CoreOF.xcconfig */,
				E4328143138ABC890047C5CB /* openFrameworksLib.xcodeproj */,
			);
			name = openFrameworks;
			sourceTree = "<group>";
		};
/* End PBXGroup section */

/* Begin PBXNativeTarget section */
		E4B69B5A0A3A1756003C02F2 /* emptyExample */ = {
			isa = PBXNativeTarget;
			buildConfigurationList = E4B69B5F0A3A1757003C02F2 /* Build configuration list for PBXNativeTarget "emptyExample" */;
			buildPhases = (
				E4B69B580A3A1756003C02F2 /* Sources */,
				E4B69B590A3A1756003C02F2 /* Frameworks */,
				E4B6FFFD0C3F9AB9008CF71C /* ShellScript */,
				E4C2427710CC5ABF004149E2 /* CopyFiles */,
			);
			buildRules = (
			);
			dependencies = (
				E4EEB9AC138B136A00A80321 /* PBXTargetDependency */,
			);
			name = emptyExample;
			productName = myOFApp;
			productReference = E4B69B5B0A3A1756003C02F2 /* emptyExampleDebug.app */;
			productType = "com.apple.product-type.application";
		};
/* End PBXNativeTarget section */

/* Begin PBXProject section */
		E4B69B4C0A3A1720003C02F2 /* Project object */ = {
			isa = PBXProject;
			buildConfigurationList = E4B69B4D0A3A1720003C02F2 /* Build configuration list for PBXProject "48pixels" */;
			compatibilityVersion = "Xcode 2.4";
			developmentRegion = English;
			hasScannedForEncodings = 0;
			knownRegions = (
				English,
				Japanese,
				French,
				German,
			);
			mainGroup = E4B69B4A0A3A1720003C02F2;
			productRefGroup = E4B69B4A0A3A1720003C02F2;
			projectDirPath = "";
			projectReferences = (
				{
					ProductGroup = E4328144138ABC890047C5CB /* Products */;
					ProjectRef = E4328143138ABC890047C5CB /* openFrameworksLib.xcodeproj */;
				},
			);
			projectRoot = "";
			targets = (
				E4B69B5A0A3A1756003C02F2 /* emptyExample */,
			);
		};
/* End PBXProject section */

/* Begin PBXReferenceProxy section */
		E4328148138ABC890047C5CB /* openFrameworksDebug.a */ = {
			isa = PBXReferenceProxy;
			fileType = archive.ar;
			path = openFrameworksDebug.a;
			remoteRef = E4328147138ABC890047C5CB /* PBXContainerItemProxy */;
			sourceTree = BUILT_PRODUCTS_DIR;
		};
/* End PBXReferenceProxy section */

/* Begin PBXShellScriptBuildPhase section */
		E4B6FFFD0C3F9AB9008CF71C /* ShellScript */ = {
			isa = PBXShellScriptBuildPhase;
			buildActionMask = 2147483647;
			files = (
			);
			inputPaths = (
			);
			outputPaths = (
			);
			runOnlyForDeploymentPostprocessing = 0;
			shellPath = /bin/sh;
			shellScript = "cp -f ../../../libs/fmodex/lib/osx/libfmodex.dylib \"$TARGET_BUILD_DIR/$PRODUCT_NAME.app/Contents/MacOS/libfmodex.dylib\"; install_name_tool -change ./libfmodex.dylib @executable_path/libfmodex.dylib \"$TARGET_BUILD_DIR/$PRODUCT_NAME.app/Contents/MacOS/$PRODUCT_NAME\";";
		};
/* End PBXShellScriptBuildPhase section */

/* Begin PBXSourcesBuildPhase section */
		E4B69B580A3A1756003C02F2 /* Sources */ = {
			isa = PBXSourcesBuildPhase;
			buildActionMask = 2147483647;
			files = (
				DD78E39A1541EBBA00E60A4A /* main.cpp in Sources */,
				DD78E39B1541EBBA00E60A4A /* testApp.cpp in Sources */,
				DD78E4081541EFF200E60A4A /* ofxCvColorImage.cpp in Sources */,
				DD78E4091541EFF200E60A4A /* ofxCvContourFinder.cpp in Sources */,
				DD78E40A1541EFF200E60A4A /* ofxCvFloatImage.cpp in Sources */,
				DD78E40B1541EFF200E60A4A /* ofxCvGrayscaleImage.cpp in Sources */,
				DD78E40C1541EFF200E60A4A /* ofxCvHaarFinder.cpp in Sources */,
				DD78E40D1541EFF200E60A4A /* ofxCvImage.cpp in Sources */,
				DD78E40E1541EFF200E60A4A /* ofxCvShortImage.cpp in Sources */,
				DD78E4101541F01600E60A4A /* tracker.cpp in Sources */,
				DD78E4141541F1C700E60A4A /* calibrator.cpp in Sources */,
				DD78E4171541F95E00E60A4A /* GameBlock.cpp in Sources */,
				DD78E41A1541F96500E60A4A /* gameScreen.cpp in Sources */,
				DD78E41D1541FAD900E60A4A /* coordWarp.cpp in Sources */,
				DD78E43615421BDE00E60A4A /* tinyxml.cpp in Sources */,
				DD78E43715421BDE00E60A4A /* tinyxmlerror.cpp in Sources */,
				DD78E43815421BDE00E60A4A /* tinyxmlparser.cpp in Sources */,
				DD78E43915421BDE00E60A4A /* ofxXmlSettings.cpp in Sources */,
				DD78E43C15421C1000E60A4A /* SpriteAnimation.cpp in Sources */,
				DD78E43F1544478D00E60A4A /* AnimationLoader.cpp in Sources */,
				DD78E4421544479C00E60A4A /* GameBackground.cpp in Sources */,
			);
			runOnlyForDeploymentPostprocessing = 0;
		};
/* End PBXSourcesBuildPhase section */

/* Begin PBXTargetDependency section */
		E4EEB9AC138B136A00A80321 /* PBXTargetDependency */ = {
			isa = PBXTargetDependency;
			name = openFrameworks;
			targetProxy = E4EEB9AB138B136A00A80321 /* PBXContainerItemProxy */;
		};
/* End PBXTargetDependency section */

/* Begin XCBuildConfiguration section */
		E4B69B4E0A3A1720003C02F2 /* Debug */ = {
			isa = XCBuildConfiguration;
			baseConfigurationReference = E4EB6923138AFD0F00A09F29 /* Project.xcconfig */;
			buildSettings = {
				ARCHS = "$(NATIVE_ARCH)";
				CONFIGURATION_BUILD_DIR = "$(SRCROOT)/bin/";
				COPY_PHASE_STRIP = NO;
				DEAD_CODE_STRIPPING = YES;
				GCC_AUTO_VECTORIZATION = YES;
				GCC_ENABLE_SSE3_EXTENSIONS = YES;
				GCC_ENABLE_SUPPLEMENTAL_SSE3_INSTRUCTIONS = YES;
				GCC_INLINES_ARE_PRIVATE_EXTERN = NO;
				GCC_MODEL_TUNING = G5;
				GCC_SYMBOLS_PRIVATE_EXTERN = NO;
				GCC_WARN_ABOUT_DEPRECATED_FUNCTIONS = NO;
				GCC_WARN_ABOUT_INVALID_OFFSETOF_MACRO = NO;
				GCC_WARN_ALLOW_INCOMPLETE_PROTOCOL = NO;
				GCC_WARN_UNINITIALIZED_AUTOS = NO;
				GCC_WARN_UNUSED_VALUE = NO;
				GCC_WARN_UNUSED_VARIABLE = NO;
				OTHER_CPLUSPLUSFLAGS = (
					"-D__MACOSX_CORE__",
					"-lpthread",
				);
			};
			name = Debug;
		};
		E4B69B4F0A3A1720003C02F2 /* Release */ = {
			isa = XCBuildConfiguration;
			baseConfigurationReference = E4EB6923138AFD0F00A09F29 /* Project.xcconfig */;
			buildSettings = {
				ARCHS = "$(NATIVE_ARCH)";
				CONFIGURATION_BUILD_DIR = "$(SRCROOT)/bin/";
				COPY_PHASE_STRIP = YES;
				DEAD_CODE_STRIPPING = YES;
				GCC_AUTO_VECTORIZATION = YES;
				GCC_ENABLE_SSE3_EXTENSIONS = YES;
				GCC_ENABLE_SUPPLEMENTAL_SSE3_INSTRUCTIONS = YES;
				GCC_INLINES_ARE_PRIVATE_EXTERN = NO;
				GCC_MODEL_TUNING = G5;
				GCC_OPTIMIZATION_LEVEL = 3;
				GCC_SYMBOLS_PRIVATE_EXTERN = NO;
				GCC_UNROLL_LOOPS = YES;
				GCC_WARN_ABOUT_DEPRECATED_FUNCTIONS = NO;
				GCC_WARN_ABOUT_INVALID_OFFSETOF_MACRO = NO;
				GCC_WARN_ALLOW_INCOMPLETE_PROTOCOL = NO;
				GCC_WARN_UNINITIALIZED_AUTOS = NO;
				GCC_WARN_UNUSED_VALUE = NO;
				GCC_WARN_UNUSED_VARIABLE = NO;
				OTHER_CPLUSPLUSFLAGS = (
					"-D__MACOSX_CORE__",
					"-lpthread",
				);
			};
			name = Release;
		};
		E4B69B600A3A1757003C02F2 /* Debug */ = {
			isa = XCBuildConfiguration;
			buildSettings = {
				COPY_PHASE_STRIP = NO;
				FRAMEWORK_SEARCH_PATHS = (
					"$(inherited)",
					"$(FRAMEWORK_SEARCH_PATHS_QUOTED_FOR_TARGET_1)",
				);
				FRAMEWORK_SEARCH_PATHS_QUOTED_FOR_TARGET_1 = "\"$(SRCROOT)/../../../libs/glut/lib/osx\"";
				GCC_DYNAMIC_NO_PIC = NO;
				GCC_ENABLE_FIX_AND_CONTINUE = YES;
				GCC_GENERATE_DEBUGGING_SYMBOLS = YES;
				GCC_MODEL_TUNING = G4;
				GCC_PRECOMPILE_PREFIX_HEADER = YES;
				GCC_PREFIX_HEADER = "$(SYSTEM_LIBRARY_DIR)/Frameworks/Carbon.framework/Headers/Carbon.h";
				INFOPLIST_FILE = "openFrameworks-Info.plist";
				INSTALL_PATH = "$(HOME)/Applications";
				LIBRARY_SEARCH_PATHS = (
					"$(inherited)",
					"$(LIBRARY_SEARCH_PATHS_QUOTED_FOR_TARGET_1)",
					"$(LIBRARY_SEARCH_PATHS_QUOTED_FOR_TARGET_2)",
					"$(LIBRARY_SEARCH_PATHS_QUOTED_FOR_TARGET_3)",
					"$(LIBRARY_SEARCH_PATHS_QUOTED_FOR_TARGET_4)",
					"$(LIBRARY_SEARCH_PATHS_QUOTED_FOR_TARGET_5)",
					"$(LIBRARY_SEARCH_PATHS_QUOTED_FOR_TARGET_6)",
					"$(LIBRARY_SEARCH_PATHS_QUOTED_FOR_TARGET_7)",
					"$(LIBRARY_SEARCH_PATHS_QUOTED_FOR_TARGET_8)",
					"$(LIBRARY_SEARCH_PATHS_QUOTED_FOR_TARGET_9)",
					"$(LIBRARY_SEARCH_PATHS_QUOTED_FOR_TARGET_10)",
					"$(LIBRARY_SEARCH_PATHS_QUOTED_FOR_TARGET_11)",
					"$(LIBRARY_SEARCH_PATHS_QUOTED_FOR_TARGET_12)",
					"$(LIBRARY_SEARCH_PATHS_QUOTED_FOR_TARGET_13)",
					"$(LIBRARY_SEARCH_PATHS_QUOTED_FOR_TARGET_14)",
					"$(LIBRARY_SEARCH_PATHS_QUOTED_FOR_TARGET_15)",
					"$(LIBRARY_SEARCH_PATHS_QUOTED_FOR_TARGET_2)",
					"$(LIBRARY_SEARCH_PATHS_QUOTED_FOR_TARGET_3)",
					"$(LIBRARY_SEARCH_PATHS_QUOTED_FOR_TARGET_7)",
					"$(LIBRARY_SEARCH_PATHS_QUOTED_FOR_TARGET_8)",
					"$(LIBRARY_SEARCH_PATHS_QUOTED_FOR_TARGET_9)",
					"$(LIBRARY_SEARCH_PATHS_QUOTED_FOR_TARGET_10)",
					"$(LIBRARY_SEARCH_PATHS_QUOTED_FOR_TARGET_11)",
					"$(LIBRARY_SEARCH_PATHS_QUOTED_FOR_TARGET_12)",
					"$(LIBRARY_SEARCH_PATHS_QUOTED_FOR_TARGET_13)",
					"$(LIBRARY_SEARCH_PATHS_QUOTED_FOR_TARGET_16)",
					"$(LIBRARY_SEARCH_PATHS_QUOTED_FOR_TARGET_17)",
					"$(LIBRARY_SEARCH_PATHS_QUOTED_FOR_TARGET_18)",
					"$(LIBRARY_SEARCH_PATHS_QUOTED_FOR_TARGET_19)",
					"$(LIBRARY_SEARCH_PATHS_QUOTED_FOR_TARGET_20)",
					"$(LIBRARY_SEARCH_PATHS_QUOTED_FOR_TARGET_21)",
					"$(LIBRARY_SEARCH_PATHS_QUOTED_FOR_TARGET_22)",
					"$(LIBRARY_SEARCH_PATHS_QUOTED_FOR_TARGET_23)",
					"$(LIBRARY_SEARCH_PATHS_QUOTED_FOR_TARGET_24)",
					"$(LIBRARY_SEARCH_PATHS_QUOTED_FOR_TARGET_25)",
					"$(LIBRARY_SEARCH_PATHS_QUOTED_FOR_TARGET_26)",
					"$(LIBRARY_SEARCH_PATHS_QUOTED_FOR_TARGET_27)",
					"$(LIBRARY_SEARCH_PATHS_QUOTED_FOR_TARGET_28)",
					"$(LIBRARY_SEARCH_PATHS_QUOTED_FOR_TARGET_29)",
					"$(LIBRARY_SEARCH_PATHS_QUOTED_FOR_TARGET_30)",
					"$(LIBRARY_SEARCH_PATHS_QUOTED_FOR_TARGET_31)",
					"$(LIBRARY_SEARCH_PATHS_QUOTED_FOR_TARGET_32)",
					"$(LIBRARY_SEARCH_PATHS_QUOTED_FOR_TARGET_33)",
					"$(LIBRARY_SEARCH_PATHS_QUOTED_FOR_TARGET_34)",
					"$(LIBRARY_SEARCH_PATHS_QUOTED_FOR_TARGET_35)",
					"$(LIBRARY_SEARCH_PATHS_QUOTED_FOR_TARGET_36)",
					"$(LIBRARY_SEARCH_PATHS_QUOTED_FOR_TARGET_37)",
					"$(LIBRARY_SEARCH_PATHS_QUOTED_FOR_TARGET_38)",
					"$(LIBRARY_SEARCH_PATHS_QUOTED_FOR_TARGET_39)",
					"$(LIBRARY_SEARCH_PATHS_QUOTED_FOR_TARGET_40)",
					"$(LIBRARY_SEARCH_PATHS_QUOTED_FOR_TARGET_41)",
					"$(LIBRARY_SEARCH_PATHS_QUOTED_FOR_TARGET_42)",
					"$(LIBRARY_SEARCH_PATHS_QUOTED_FOR_TARGET_43)",
					"$(LIBRARY_SEARCH_PATHS_QUOTED_FOR_TARGET_44)",
					"$(LIBRARY_SEARCH_PATHS_QUOTED_FOR_TARGET_45)",
					"$(LIBRARY_SEARCH_PATHS_QUOTED_FOR_TARGET_46)",
					"$(LIBRARY_SEARCH_PATHS_QUOTED_FOR_TARGET_47)",
					"$(LIBRARY_SEARCH_PATHS_QUOTED_FOR_TARGET_48)",
					"$(LIBRARY_SEARCH_PATHS_QUOTED_FOR_TARGET_49)",
					"$(LIBRARY_SEARCH_PATHS_QUOTED_FOR_TARGET_50)",
					"$(LIBRARY_SEARCH_PATHS_QUOTED_FOR_TARGET_51)",
					"$(LIBRARY_SEARCH_PATHS_QUOTED_FOR_TARGET_52)",
					"$(LIBRARY_SEARCH_PATHS_QUOTED_FOR_TARGET_1)",
				);
				LIBRARY_SEARCH_PATHS_QUOTED_FOR_TARGET_1 = "\"$(SRCROOT)/../../../addons/ofxOpenCv/libs/opencv/lib/osx\"";
				PREBINDING = NO;
				PRODUCT_NAME = "$(TARGET_NAME)Debug";
				WRAPPER_EXTENSION = app;
			};
			name = Debug;
		};
		E4B69B610A3A1757003C02F2 /* Release */ = {
			isa = XCBuildConfiguration;
			buildSettings = {
				COPY_PHASE_STRIP = YES;
				FRAMEWORK_SEARCH_PATHS = (
					"$(inherited)",
					"$(FRAMEWORK_SEARCH_PATHS_QUOTED_FOR_TARGET_1)",
				);
				FRAMEWORK_SEARCH_PATHS_QUOTED_FOR_TARGET_1 = "\"$(SRCROOT)/../../../libs/glut/lib/osx\"";
				GCC_ENABLE_FIX_AND_CONTINUE = NO;
				GCC_GENERATE_DEBUGGING_SYMBOLS = NO;
				GCC_MODEL_TUNING = G4;
				GCC_PRECOMPILE_PREFIX_HEADER = YES;
				GCC_PREFIX_HEADER = "$(SYSTEM_LIBRARY_DIR)/Frameworks/Carbon.framework/Headers/Carbon.h";
				INFOPLIST_FILE = "openFrameworks-Info.plist";
				INSTALL_PATH = "$(HOME)/Applications";
				LIBRARY_SEARCH_PATHS = (
					"$(inherited)",
					"$(LIBRARY_SEARCH_PATHS_QUOTED_FOR_TARGET_1)",
					"$(LIBRARY_SEARCH_PATHS_QUOTED_FOR_TARGET_2)",
					"$(LIBRARY_SEARCH_PATHS_QUOTED_FOR_TARGET_3)",
					"$(LIBRARY_SEARCH_PATHS_QUOTED_FOR_TARGET_4)",
					"$(LIBRARY_SEARCH_PATHS_QUOTED_FOR_TARGET_5)",
					"$(LIBRARY_SEARCH_PATHS_QUOTED_FOR_TARGET_6)",
					"$(LIBRARY_SEARCH_PATHS_QUOTED_FOR_TARGET_7)",
					"$(LIBRARY_SEARCH_PATHS_QUOTED_FOR_TARGET_8)",
					"$(LIBRARY_SEARCH_PATHS_QUOTED_FOR_TARGET_9)",
					"$(LIBRARY_SEARCH_PATHS_QUOTED_FOR_TARGET_10)",
					"$(LIBRARY_SEARCH_PATHS_QUOTED_FOR_TARGET_11)",
					"$(LIBRARY_SEARCH_PATHS_QUOTED_FOR_TARGET_12)",
					"$(LIBRARY_SEARCH_PATHS_QUOTED_FOR_TARGET_13)",
					"$(LIBRARY_SEARCH_PATHS_QUOTED_FOR_TARGET_14)",
					"$(LIBRARY_SEARCH_PATHS_QUOTED_FOR_TARGET_15)",
					"$(LIBRARY_SEARCH_PATHS_QUOTED_FOR_TARGET_2)",
					"$(LIBRARY_SEARCH_PATHS_QUOTED_1)",
					"$(LIBRARY_SEARCH_PATHS_QUOTED_FOR_TARGET_3)",
					"$(LIBRARY_SEARCH_PATHS_QUOTED_FOR_TARGET_7)",
					"$(LIBRARY_SEARCH_PATHS_QUOTED_FOR_TARGET_8)",
					"$(LIBRARY_SEARCH_PATHS_QUOTED_FOR_TARGET_9)",
					"$(LIBRARY_SEARCH_PATHS_QUOTED_FOR_TARGET_10)",
					"$(LIBRARY_SEARCH_PATHS_QUOTED_FOR_TARGET_11)",
					"$(LIBRARY_SEARCH_PATHS_QUOTED_FOR_TARGET_12)",
					"$(LIBRARY_SEARCH_PATHS_QUOTED_FOR_TARGET_13)",
					"$(LIBRARY_SEARCH_PATHS_QUOTED_FOR_TARGET_16)",
					"$(LIBRARY_SEARCH_PATHS_QUOTED_FOR_TARGET_17)",
					"$(LIBRARY_SEARCH_PATHS_QUOTED_FOR_TARGET_18)",
					"$(LIBRARY_SEARCH_PATHS_QUOTED_FOR_TARGET_19)",
					"$(LIBRARY_SEARCH_PATHS_QUOTED_FOR_TARGET_20)",
					"$(LIBRARY_SEARCH_PATHS_QUOTED_FOR_TARGET_21)",
					"$(LIBRARY_SEARCH_PATHS_QUOTED_FOR_TARGET_22)",
					"$(LIBRARY_SEARCH_PATHS_QUOTED_FOR_TARGET_23)",
					"$(LIBRARY_SEARCH_PATHS_QUOTED_FOR_TARGET_24)",
					"$(LIBRARY_SEARCH_PATHS_QUOTED_FOR_TARGET_25)",
					"$(LIBRARY_SEARCH_PATHS_QUOTED_FOR_TARGET_26)",
					"$(LIBRARY_SEARCH_PATHS_QUOTED_FOR_TARGET_27)",
					"$(LIBRARY_SEARCH_PATHS_QUOTED_FOR_TARGET_28)",
					"$(LIBRARY_SEARCH_PATHS_QUOTED_FOR_TARGET_29)",
					"$(LIBRARY_SEARCH_PATHS_QUOTED_FOR_TARGET_30)",
					"$(LIBRARY_SEARCH_PATHS_QUOTED_FOR_TARGET_31)",
					"$(LIBRARY_SEARCH_PATHS_QUOTED_FOR_TARGET_32)",
					"$(LIBRARY_SEARCH_PATHS_QUOTED_FOR_TARGET_33)",
					"$(LIBRARY_SEARCH_PATHS_QUOTED_FOR_TARGET_34)",
					"$(LIBRARY_SEARCH_PATHS_QUOTED_FOR_TARGET_35)",
					"$(LIBRARY_SEARCH_PATHS_QUOTED_FOR_TARGET_36)",
					"$(LIBRARY_SEARCH_PATHS_QUOTED_FOR_TARGET_37)",
					"$(LIBRARY_SEARCH_PATHS_QUOTED_FOR_TARGET_38)",
					"$(LIBRARY_SEARCH_PATHS_QUOTED_FOR_TARGET_39)",
					"$(LIBRARY_SEARCH_PATHS_QUOTED_FOR_TARGET_40)",
					"$(LIBRARY_SEARCH_PATHS_QUOTED_FOR_TARGET_41)",
					"$(LIBRARY_SEARCH_PATHS_QUOTED_FOR_TARGET_42)",
					"$(LIBRARY_SEARCH_PATHS_QUOTED_FOR_TARGET_43)",
					"$(LIBRARY_SEARCH_PATHS_QUOTED_FOR_TARGET_44)",
					"$(LIBRARY_SEARCH_PATHS_QUOTED_FOR_TARGET_45)",
					"$(LIBRARY_SEARCH_PATHS_QUOTED_FOR_TARGET_46)",
					"$(LIBRARY_SEARCH_PATHS_QUOTED_FOR_TARGET_47)",
					"$(LIBRARY_SEARCH_PATHS_QUOTED_FOR_TARGET_48)",
					"$(LIBRARY_SEARCH_PATHS_QUOTED_FOR_TARGET_49)",
					"$(LIBRARY_SEARCH_PATHS_QUOTED_FOR_TARGET_50)",
					"$(LIBRARY_SEARCH_PATHS_QUOTED_FOR_TARGET_51)",
					"$(LIBRARY_SEARCH_PATHS_QUOTED_FOR_TARGET_1)",
				);
				LIBRARY_SEARCH_PATHS_QUOTED_FOR_TARGET_1 = "\"$(SRCROOT)/../../../addons/ofxOpenCv/libs/opencv/lib/osx\"";
				PREBINDING = NO;
				PRODUCT_NAME = "$(TARGET_NAME)";
				WRAPPER_EXTENSION = app;
			};
			name = Release;
		};
/* End XCBuildConfiguration section */

/* Begin XCConfigurationList section */
		E4B69B4D0A3A1720003C02F2 /* Build configuration list for PBXProject "48pixels" */ = {
			isa = XCConfigurationList;
			buildConfigurations = (
				E4B69B4E0A3A1720003C02F2 /* Debug */,
				E4B69B4F0A3A1720003C02F2 /* Release */,
			);
			defaultConfigurationIsVisible = 0;
			defaultConfigurationName = Release;
		};
		E4B69B5F0A3A1757003C02F2 /* Build configuration list for PBXNativeTarget "emptyExample" */ = {
			isa = XCConfigurationList;
			buildConfigurations = (
				E4B69B600A3A1757003C02F2 /* Debug */,
				E4B69B610A3A1757003C02F2 /* Release */,
			);
			defaultConfigurationIsVisible = 0;
			defaultConfigurationName = Release;
		};
/* End XCConfigurationList section */
	};
	rootObject = E4B69B4C0A3A1720003C02F2 /* Project object */;
}
